# @generated - this file is auto-generated by `mise lock` https://mise.en.dev/dev-tools/mise-lock.html

lockfile_version = 1

[[tools."aqua:asciinema/agg"]]
version = "1.9.0"
backend = "aqua:asciinema/agg"
specifiers = ["1.9.0"]

[tools."aqua:asciinema/agg"."platforms.linux-arm64"]
checksum = "sha256:2b4be407b97e00e1c313a41d154ced8fa3d02c560c8f47a0db4950a2576444c9"
url = "https://github.com/asciinema/agg/releases/download/v1.9.0/agg-aarch64-unknown-linux-gnu"
url_api = "https://api.github.com/repos/asciinema/agg/releases/assets/433215396"

[tools."aqua:asciinema/agg"."platforms.linux-x64"]
checksum = "sha256:f111e315cd71056b116302342553dd765b7297579ed511f111d0cedb442aeda6"
url = "https://github.com/asciinema/agg/releases/download/v1.9.0/agg-x86_64-unknown-linux-gnu"
url_api = "https://api.github.com/repos/asciinema/agg/releases/assets/433215010"

[tools."aqua:asciinema/agg"."platforms.linux-x64-musl"]
checksum = "sha256:ddcbf6ca044c8ac3a434dcb9ee89fb9e3be87209982b7c2adb55f782e8f0f390"
url = "https://github.com/asciinema/agg/releases/download/v1.9.0/agg-x86_64-unknown-linux-musl"
url_api = "https://api.github.com/repos/asciinema/agg/releases/assets/433215075"

[tools."aqua:asciinema/agg"."platforms.macos-arm64"]
checksum = "sha256:742b2b6230529b72f310acb835e9479496000f2eabc97b0993cabe1d7fe70171"
url = "https://github.com/asciinema/agg/releases/download/v1.9.0/agg-aarch64-apple-darwin"
url_api = "https://api.github.com/repos/asciinema/agg/releases/assets/433215107"

[tools."aqua:asciinema/agg"."platforms.macos-x64"]
checksum = "sha256:1462150b611d231d2950d10a676303eaeb1019ff330735882aaae09b52e2e1c1"
url = "https://github.com/asciinema/agg/releases/download/v1.9.0/agg-x86_64-apple-darwin"
url_api = "https://api.github.com/repos/asciinema/agg/releases/assets/433215207"

[tools."aqua:asciinema/agg"."platforms.windows-x64"]
checksum = "sha256:810baf5506e74ca65d8ed85be3db58791086c8b7b0a17c9018d7fede473f0055"
url = "https://github.com/asciinema/agg/releases/download/v1.9.0/agg-x86_64-pc-windows-msvc.exe"
url_api = "https://api.github.com/repos/asciinema/agg/releases/assets/433216272"

[[tools."aqua:asciinema/asciinema"]]
version = "3.2.1"
backend = "aqua:asciinema/asciinema"
specifiers = ["3.2.1"]

[tools."aqua:asciinema/asciinema"."platforms.linux-arm64"]
checksum = "sha256:b516a6d896844c0ffbc96e0a55afe4cbcc79216abde0fc64fdda4e39bee421ea"
url = "https://github.com/asciinema/asciinema/releases/download/v3.2.1/asciinema-aarch64-unknown-linux-gnu"
url_api = "https://api.github.com/repos/asciinema/asciinema/releases/assets/449290064"

[tools."aqua:asciinema/asciinema"."platforms.linux-x64"]
checksum = "sha256:1b405bbda565b33c3c4718de67fedc3535580603c0694b1ff3fb04f363430a20"
url = "https://github.com/asciinema/asciinema/releases/download/v3.2.1/asciinema-x86_64-unknown-linux-gnu"
url_api = "https://api.github.com/repos/asciinema/asciinema/releases/assets/449289226"

[tools."aqua:asciinema/asciinema"."platforms.linux-x64-musl"]
checksum = "sha256:bec9781bc8f297a9d3d74ff60205599507f2abba1183578b8b2f22be4c999214"
url = "https://github.com/asciinema/asciinema/releases/download/v3.2.1/asciinema-x86_64-unknown-linux-musl"
url_api = "https://api.github.com/repos/asciinema/asciinema/releases/assets/449289811"

[tools."aqua:asciinema/asciinema"."platforms.macos-arm64"]
checksum = "sha256:1f0c76da7855601df93e5dccdf69b7c683b81beff1411e38b3802de1f5fc7a1c"
url = "https://github.com/asciinema/asciinema/releases/download/v3.2.1/asciinema-aarch64-apple-darwin"
url_api = "https://api.github.com/repos/asciinema/asciinema/releases/assets/449290357"

[tools."aqua:asciinema/asciinema"."platforms.macos-x64"]
checksum = "sha256:1b388af0e1566ab19deea663b0ce64730ad46ade2825fadd43cc88f0bd28140a"
url = "https://github.com/asciinema/asciinema/releases/download/v3.2.1/asciinema-x86_64-apple-darwin"
url_api = "https://api.github.com/repos/asciinema/asciinema/releases/assets/449290107"

[[tools.github-cli]]
version = "2.98.0"
backend = "aqua:cli/cli"
specifiers = ["2.98.0"]

[tools.github-cli."platforms.linux-arm64"]
checksum = "sha256:cf689084f3a3618f7eae4a2420d335d74626d65f5e594b9828d125d69f800d86"
url = "https://github.com/cli/cli/releases/download/v2.98.0/gh_2.98.0_linux_arm64.tar.gz"
url_api = "https://api.github.com/repos/cli/cli/releases/assets/522857902"
provenance = "github-attestations"

[tools.github-cli."platforms.linux-arm64-musl"]
checksum = "sha256:cf689084f3a3618f7eae4a2420d335d74626d65f5e594b9828d125d69f800d86"
url = "https://github.com/cli/cli/releases/download/v2.98.0/gh_2.98.0_linux_arm64.tar.gz"
url_api = "https://api.github.com/repos/cli/cli/releases/assets/522857902"
provenance = "github-attestations"

[tools.github-cli."platforms.linux-x64"]
checksum = "sha256:3b8ac6b30336802fc1a858d7c084e11cdf24ac1a761ca90b68022d7d729208de"
url = "https://github.com/cli/cli/releases/download/v2.98.0/gh_2.98.0_linux_amd64.tar.gz"
url_api = "https://api.github.com/repos/cli/cli/releases/assets/522857901"
provenance = "github-attestations"

[tools.github-cli."platforms.linux-x64-musl"]
checksum = "sha256:3b8ac6b30336802fc1a858d7c084e11cdf24ac1a761ca90b68022d7d729208de"
url = "https://github.com/cli/cli/releases/download/v2.98.0/gh_2.98.0_linux_amd64.tar.gz"
url_api = "https://api.github.com/repos/cli/cli/releases/assets/522857901"
provenance = "github-attestations"

[tools.github-cli."platforms.macos-arm64"]
checksum = "sha256:8cfb027cc5310675f2b830eac8f9865c1155a45ffcf9757f699fdd5a22046ca4"
url = "https://github.com/cli/cli/releases/download/v2.98.0/gh_2.98.0_macOS_arm64.zip"
url_api = "https://api.github.com/repos/cli/cli/releases/assets/522857972"
provenance = "github-attestations"

[tools.github-cli."platforms.macos-x64"]
checksum = "sha256:734c7bbd0bc56a3974500ee9aea74d60f0e5b89be09e92b9d9148939a3a1e0e6"
url = "https://github.com/cli/cli/releases/download/v2.98.0/gh_2.98.0_macOS_amd64.zip"
url_api = "https://api.github.com/repos/cli/cli/releases/assets/522857971"
provenance = "github-attestations"

[tools.github-cli."platforms.windows-x64"]
checksum = "sha256:c28c7b3b584967a05b74d9eaf7481bff24ddc34930bf2d6e442c148236561eb1"
url = "https://github.com/cli/cli/releases/download/v2.98.0/gh_2.98.0_windows_amd64.zip"
url_api = "https://api.github.com/repos/cli/cli/releases/assets/522857996"
provenance = "github-attestations"

[[tools.python]]
version = "3.14.7"
backend = "core:python"
specifiers = ["3.14.7"]

[tools.python."platforms.linux-arm64"]
checksum = "sha256:8a0798baa8a2c27b5751d590aced543eaa85e20b3f73d93c1af049688acdc9c5"
url = "https://github.com/astral-sh/python-build-standalone/releases/download/20260901/cpython-3.14.7+20260901-aarch64-unknown-linux-gnu-install_only_stripped.tar.gz"
provenance = "github-attestations"

[tools.python."platforms.linux-arm64-musl"]
checksum = "sha256:701c31d72187242302922a29f3bc6023ceb68b6b68fb8d4ed7568d1e6ef34548"
url = "https://github.com/astral-sh/python-build-standalone/releases/download/20260901/cpython-3.14.7+20260901-aarch64-unknown-linux-musl-install_only_stripped.tar.gz"
provenance = "github-attestations"

[tools.python."platforms.linux-x64"]
checksum = "sha256:3959f92825141e04adf44982d3a83ee57af0877e893b0796e04c1468749d9b04"
url = "https://github.com/astral-sh/python-build-standalone/releases/download/20260901/cpython-3.14.7+20260901-x86_64-unknown-linux-gnu-install_only_stripped.tar.gz"
provenance = "github-attestations"

[tools.python."platforms.linux-x64-musl"]
checksum = "sha256:c773f8a7357c0d1a29e208a14bc16386731ca9c0d2e51f1b6741967fb0632cdc"
url = "https://github.com/astral-sh/python-build-standalone/releases/download/20260901/cpython-3.14.7+20260901-x86_64-unknown-linux-musl-install_only_stripped.tar.gz"
provenance = "github-attestations"

[tools.python."platforms.macos-arm64"]
checksum = "sha256:4632cb1a6edad9e73d3c81b6d2e69131637d995173e3e85005df14102b0592ba"
url = "https://github.com/astral-sh/python-build-standalone/releases/download/20260901/cpython-3.14.7+20260901-aarch64-apple-darwin-install_only_stripped.tar.gz"
provenance = "github-attestations"

[tools.python."platforms.macos-x64"]
checksum = "sha256:7e151a7c9028855b61a7d6e78381f2020a1ef185281399f3b1aafc5e1c9a1a64"
url = "https://github.com/astral-sh/python-build-standalone/releases/download/20260901/cpython-3.14.7+20260901-x86_64-apple-darwin-install_only_stripped.tar.gz"
provenance = "github-attestations"

[tools.python."platforms.windows-x64"]
checksum = "sha256:ca3c33ca924dfcab3b74205a7a58a88b0255135c53f95497b26b5e60700fd66d"
url = "https://github.com/astral-sh/python-build-standalone/releases/download/20260901/cpython-3.14.7+20260901-x86_64-pc-windows-msvc-install_only_stripped.tar.gz"
provenance = "github-attestations"

[[tools.uv]]
version = "0.12.7"
backend = "aqua:astral-sh/uv"
specifiers = ["0.12.7"]

[tools.uv."platforms.linux-arm64"]
checksum = "sha256:66393193038dd7eb108abd7a218d9cec04ac70ab98242b0720fa94de19223b7c"
url = "https://github.com/astral-sh/uv/releases/download/0.12.7/uv-aarch64-unknown-linux-gnu.tar.gz"
url_api = "https://api.github.com/repos/astral-sh/uv/releases/assets/532935189"
provenance = "github-attestations"

[tools.uv."platforms.linux-arm64-musl"]
checksum = "sha256:6dcf60e3c085de88ace3671b949ca99f0652be561ff5627f0d21394140f041db"
url = "https://github.com/astral-sh/uv/releases/download/0.12.7/uv-aarch64-unknown-linux-musl.tar.gz"
url_api = "https://api.github.com/repos/astral-sh/uv/releases/assets/532935192"
provenance = "github-attestations"

[tools.uv."platforms.linux-x64"]
checksum = "sha256:788f18abea7c5f55d6216e4f5613fd89d4d59b631efeec117b2b07fe72f1da21"
url = "https://github.com/astral-sh/uv/releases/download/0.12.7/uv-x86_64-unknown-linux-gnu.tar.gz"
url_api = "https://api.github.com/repos/astral-sh/uv/releases/assets/532935280"
provenance = "github-attestations"

[tools.uv."platforms.linux-x64-musl"]
checksum = "sha256:3d64d44ed67da7908dc7f5c4d64ebb44bad326fa17f8a0a52fc9a7793017bbe1"
url = "https://github.com/astral-sh/uv/releases/download/0.12.7/uv-x86_64-unknown-linux-musl.tar.gz"
url_api = "https://api.github.com/repos/astral-sh/uv/releases/assets/532935287"
provenance = "github-attestations"

[tools.uv."platforms.macos-arm64"]
checksum = "sha256:127ebdda7ad953cdf198e964b570ea5771b85467ea93eb7cb6d6f8e6f55408f3"
url = "https://github.com/astral-sh/uv/releases/download/0.12.7/uv-aarch64-apple-darwin.tar.gz"
url_api = "https://api.github.com/repos/astral-sh/uv/releases/assets/532935178"
provenance = "github-attestations"

[tools.uv."platforms.macos-x64"]
checksum = "sha256:06b8ae1da8c2661c5434507a66f8c2b0b835933bf955b5958a9ac357a37d1959"
url = "https://github.com/astral-sh/uv/releases/download/0.12.7/uv-x86_64-apple-darwin.tar.gz"
url_api = "https://api.github.com/repos/astral-sh/uv/releases/assets/532935264"
provenance = "github-attestations"

[tools.uv."platforms.windows-x64"]
checksum = "sha256:bf1518af459a3915511a11fdc6e2f43ef9a2afa138b9d498eeb9642fe9d85218"
url = "https://github.com/astral-sh/uv/releases/download/0.12.7/uv-x86_64-pc-windows-msvc.zip"
url_api = "https://api.github.com/repos/astral-sh/uv/releases/assets/532935273"
provenance = "github-attestations"
