# @generated - this file is auto-generated by `mise lock` https://mise.jdx.dev/dev-tools/mise-lock.html

[[tools."aqua:asciinema/agg"]]
version = "1.7.0"
backend = "aqua:asciinema/agg"

[tools."aqua:asciinema/agg"."platforms.linux-arm64"]
checksum = "sha256:4b22399a4a0882f8ac9585a27c5bda1dfd755e04a7a989505bc434d49f25434a"
url = "https://github.com/asciinema/agg/releases/download/v1.7.0/agg-aarch64-unknown-linux-gnu"

[tools."aqua:asciinema/agg"."platforms.linux-arm64-musl"]
checksum = "sha256:4b22399a4a0882f8ac9585a27c5bda1dfd755e04a7a989505bc434d49f25434a"
url = "https://github.com/asciinema/agg/releases/download/v1.7.0/agg-aarch64-unknown-linux-gnu"

[tools."aqua:asciinema/agg"."platforms.linux-x64"]
checksum = "sha256:593122aced7f11b367e397c06061eaadb7bd6ef7acde16832a3138d70105d26c"
url = "https://github.com/asciinema/agg/releases/download/v1.7.0/agg-x86_64-unknown-linux-musl"

[tools."aqua:asciinema/agg"."platforms.linux-x64-musl"]
checksum = "sha256:593122aced7f11b367e397c06061eaadb7bd6ef7acde16832a3138d70105d26c"
url = "https://github.com/asciinema/agg/releases/download/v1.7.0/agg-x86_64-unknown-linux-musl"

[tools."aqua:asciinema/agg"."platforms.macos-arm64"]
checksum = "sha256:61b1d56fbdf6aa6e2367eeab287764971ea5560b2df9600ae420c83fbdb2c33a"
url = "https://github.com/asciinema/agg/releases/download/v1.7.0/agg-aarch64-apple-darwin"

[tools."aqua:asciinema/agg"."platforms.macos-x64"]
checksum = "sha256:049ac882748837a8717bbc99ceccad427e8d838a24181b9694e2ff587e62193e"
url = "https://github.com/asciinema/agg/releases/download/v1.7.0/agg-x86_64-apple-darwin"

[tools."aqua:asciinema/agg"."platforms.windows-x64"]
checksum = "sha256:f5a85d6ec09cfeea5938093a6364c5de8a88948ef241563b16a5de66da7b7d32"
url = "https://github.com/asciinema/agg/releases/download/v1.7.0/agg-x86_64-pc-windows-msvc.exe"

[[tools."aqua:asciinema/asciinema"]]
version = "3.2.0"
backend = "aqua:asciinema/asciinema"

[tools."aqua:asciinema/asciinema"."platforms.linux-arm64"]
checksum = "sha256:f7f92769f7b4150df2835ddd4eda067b0786d0d734284a0f9c2aaa2514e8beb6"
url = "https://github.com/asciinema/asciinema/releases/download/v3.2.0/asciinema-aarch64-unknown-linux-gnu"

[tools."aqua:asciinema/asciinema"."platforms.linux-arm64-musl"]
checksum = "sha256:f7f92769f7b4150df2835ddd4eda067b0786d0d734284a0f9c2aaa2514e8beb6"
url = "https://github.com/asciinema/asciinema/releases/download/v3.2.0/asciinema-aarch64-unknown-linux-gnu"

[tools."aqua:asciinema/asciinema"."platforms.linux-x64"]
checksum = "sha256:34cf9ddb54df166878a213d5173af4d5f9df9564ab8b1054a080408bce0b720e"
url = "https://github.com/asciinema/asciinema/releases/download/v3.2.0/asciinema-x86_64-unknown-linux-musl"

[tools."aqua:asciinema/asciinema"."platforms.linux-x64-musl"]
checksum = "sha256:34cf9ddb54df166878a213d5173af4d5f9df9564ab8b1054a080408bce0b720e"
url = "https://github.com/asciinema/asciinema/releases/download/v3.2.0/asciinema-x86_64-unknown-linux-musl"

[tools."aqua:asciinema/asciinema"."platforms.macos-arm64"]
checksum = "sha256:bdde8367f343ed61fdc7fd942657bcd050b15cce67005f72e1a54b7fda20e5ea"
url = "https://github.com/asciinema/asciinema/releases/download/v3.2.0/asciinema-aarch64-apple-darwin"

[tools."aqua:asciinema/asciinema"."platforms.macos-x64"]
checksum = "sha256:a76ef31773c7f0f0e2fa18c0517dca571968b509156e6771df02c35f4279791f"
url = "https://github.com/asciinema/asciinema/releases/download/v3.2.0/asciinema-x86_64-apple-darwin"

[[tools.github-cli]]
version = "2.88.1"
backend = "aqua:cli/cli"

[tools.github-cli."platforms.linux-arm64"]
checksum = "sha256:039ce25aab0cfa0ea5160e3db75ed44699bde4b20ff63ec5991f82201f1b33b8"
url = "https://github.com/cli/cli/releases/download/v2.88.1/gh_2.88.1_linux_arm64.tar.gz"

[tools.github-cli."platforms.linux-arm64-musl"]
checksum = "sha256:039ce25aab0cfa0ea5160e3db75ed44699bde4b20ff63ec5991f82201f1b33b8"
url = "https://github.com/cli/cli/releases/download/v2.88.1/gh_2.88.1_linux_arm64.tar.gz"

[tools.github-cli."platforms.linux-x64"]
checksum = "sha256:36352a993b97e9758793cdb87f9ba674bd6d88c914488e122be78a1962203803"
url = "https://github.com/cli/cli/releases/download/v2.88.1/gh_2.88.1_linux_amd64.tar.gz"

[tools.github-cli."platforms.linux-x64-musl"]
checksum = "sha256:36352a993b97e9758793cdb87f9ba674bd6d88c914488e122be78a1962203803"
url = "https://github.com/cli/cli/releases/download/v2.88.1/gh_2.88.1_linux_amd64.tar.gz"

[tools.github-cli."platforms.macos-arm64"]
checksum = "sha256:bdbeed4821d450ef0d14821d856c05b308ab449fbf60527f298d96fbf5d2447b"
url = "https://github.com/cli/cli/releases/download/v2.88.1/gh_2.88.1_macOS_arm64.zip"

[tools.github-cli."platforms.macos-x64"]
checksum = "sha256:ff0fc4bdb9699f0c02e5bcdcbd09d0f8e4c4659aa5d30bcd39a3557ed7379b2e"
url = "https://github.com/cli/cli/releases/download/v2.88.1/gh_2.88.1_macOS_amd64.zip"

[tools.github-cli."platforms.windows-x64"]
checksum = "sha256:8fdaac525d8919f9f8c265f99ffa26189e5f1fd3a35636adad4fd890a141a555"
url = "https://github.com/cli/cli/releases/download/v2.88.1/gh_2.88.1_windows_amd64.zip"

[[tools.poetry]]
version = "2.3.2"
backend = "vfox:mise-plugins/vfox-poetry"

[[tools.python]]
version = "3.14.3"
backend = "core:python"

[tools.python."platforms.linux-arm64"]
checksum = "sha256:c4a5cc7681da3ed2066194f6fac24207a764db38f23fc5a2b1b56671ee3142d6"
url = "https://github.com/astral-sh/python-build-standalone/releases/download/20260320/cpython-3.14.3+20260320-aarch64-unknown-linux-gnu-install_only_stripped.tar.gz"

[tools.python."platforms.linux-arm64-musl"]
checksum = "sha256:c4a5cc7681da3ed2066194f6fac24207a764db38f23fc5a2b1b56671ee3142d6"
url = "https://github.com/astral-sh/python-build-standalone/releases/download/20260320/cpython-3.14.3+20260320-aarch64-unknown-linux-gnu-install_only_stripped.tar.gz"

[tools.python."platforms.linux-x64"]
checksum = "sha256:bc35984c271adb7b0d2f730eced89fbbb96246c4d716c415e4af7ed686627831"
url = "https://github.com/astral-sh/python-build-standalone/releases/download/20260320/cpython-3.14.3+20260320-x86_64-unknown-linux-gnu-install_only_stripped.tar.gz"

[tools.python."platforms.linux-x64-musl"]
checksum = "sha256:bc35984c271adb7b0d2f730eced89fbbb96246c4d716c415e4af7ed686627831"
url = "https://github.com/astral-sh/python-build-standalone/releases/download/20260320/cpython-3.14.3+20260320-x86_64-unknown-linux-gnu-install_only_stripped.tar.gz"

[tools.python."platforms.macos-arm64"]
checksum = "sha256:f9b4a94d2d62ca77e08873b861b8cd989eda922ad3c3eafd2dfad57375e6ae61"
url = "https://github.com/astral-sh/python-build-standalone/releases/download/20260320/cpython-3.14.3+20260320-aarch64-apple-darwin-install_only_stripped.tar.gz"

[tools.python."platforms.macos-x64"]
checksum = "sha256:cb8d27660e0575d33c6828c4f73c891a005d8cfade8941d889fd0efd0ff031dc"
url = "https://github.com/astral-sh/python-build-standalone/releases/download/20260320/cpython-3.14.3+20260320-x86_64-apple-darwin-install_only_stripped.tar.gz"

[tools.python."platforms.windows-x64"]
checksum = "sha256:2223000d2dcce0f50a8feddb8a8391ec6e5534f6f7169e10004a11ce9b438ed3"
url = "https://github.com/astral-sh/python-build-standalone/releases/download/20260320/cpython-3.14.3+20260320-x86_64-pc-windows-msvc-install_only_stripped.tar.gz"
